{
  "name": "excel2dhis2",
  "version": "1.0.0",
  "lockfileVersion": 1,
  "requires": true,
  "dependencies": {
    "adler-32": {
      "version": "1.2.0",
      "resolved": "https://registry.npmjs.org/adler-32/-/adler-32-1.2.0.tgz",
      "integrity": "sha1-aj5r8KY5ALoVZSgIyxXGgT0aXyU=",
      "requires": {
        "exit-on-epipe": "~1.0.1",
        "printj": "~1.1.0"
      }
    },
    "async": {
      "version": "0.9.2",
      "resolved": "https://registry.npmjs.org/async/-/async-0.9.2.tgz",
      "integrity": "sha1-rqdNXmHB+JlhO/ZL2mbUx48v0X0="
    },
    "cfb": {
      "version": "1.0.5",
      "resolved": "https://registry.npmjs.org/cfb/-/cfb-1.0.5.tgz",
      "integrity": "sha512-z1BN+JkopTE4vYu0sx25da2ZFurcN8gUKcBpT2ThCDlNFtWBozId8AHMs4OS7jTPLCJYK30Ud7QgcioyGkkkbg==",
      "requires": {
        "commander": "^2.14.1",
        "printj": "~1.1.2"
      }
    },
    "codepage": {
      "version": "1.12.2",
      "resolved": "https://registry.npmjs.org/codepage/-/codepage-1.12.2.tgz",
      "integrity": "sha512-FAN+oPs/ocaPLFvIt4vEOHgWA6UJ6t+fVbbVBoXDpTpC+4JYasomYZEEjR/Miph3qQrVnIShRwwmwu4P35JW1w==",
      "requires": {
        "commander": "~2.14.1",
        "exit-on-epipe": "~1.0.1"
      }
    },
    "commander": {
      "version": "2.14.1",
      "resolved": "https://registry.npmjs.org/commander/-/commander-2.14.1.tgz",
      "integrity": "sha512-+YR16o3rK53SmWHU3rEM3tPAh2rwb1yPcQX5irVn7mb0gXbwuCCrnkbV5+PBfETdfg1vui07nM6PCG1zndcjQw=="
    },
    "crc-32": {
      "version": "1.2.0",
      "resolved": "https://registry.npmjs.org/crc-32/-/crc-32-1.2.0.tgz",
      "integrity": "sha512-1uBwHxF+Y/4yF5G48fwnKq6QsIXheor3ZLPT80yGBV1oEUwpPojlEhQbWKVw1VwcTQyMGHK1/XMmTjmlsmTTGA==",
      "requires": {
        "exit-on-epipe": "~1.0.1",
        "printj": "~1.1.0"
      }
    },
    "exit-on-epipe": {
      "version": "1.0.1",
      "resolved": "https://registry.npmjs.org/exit-on-epipe/-/exit-on-epipe-1.0.1.tgz",
      "integrity": "sha512-h2z5mrROTxce56S+pnvAV890uu7ls7f1kEvVGJbw1OlFH3/mlJ5bkXu0KRyW94v37zzHPiUd55iLn3DA7TjWpw=="
    },
    "frac": {
      "version": "1.1.2",
      "resolved": "https://registry.npmjs.org/frac/-/frac-1.1.2.tgz",
      "integrity": "sha512-w/XBfkibaTl3YDqASwfDUqkna4Z2p9cFSr1aHDt0WoMTECnRfBOv2WArlZILlqgWlmdIlALXGpM2AOhEk5W3IA=="
    },
    "fs-path": {
      "version": "0.0.25",
      "resolved": "https://registry.npmjs.org/fs-path/-/fs-path-0.0.25.tgz",
      "integrity": "sha512-EzYXXH6tvZ8oE2iAlB7nt0q34CYG8J+SfCauuipvBaLBscaQvcyZrafsJC1+EDZwIEpPwVcBElF1/Y+1tEWAcQ==",
      "requires": {
        "async": "~0.9.0",
        "shell-escape": "^0.2.0"
      }
    },
    "minimist": {
      "version": "1.2.3",
      "resolved": "https://registry.npmjs.org/minimist/-/minimist-1.2.3.tgz",
      "integrity": "sha512-+bMdgqjMN/Z77a6NlY/I3U5LlRDbnmaAk6lDveAPKwSpcPM4tKAuYsvYF8xjhOPXhOYGe/73vVLVez5PW+jqhw=="
    },
    "moment": {
      "version": "2.29.4",
      "resolved": "https://registry.npmjs.org/moment/-/moment-2.29.4.tgz",
      "integrity": "sha512-5LC9SOxjSc2HF6vO2CyuTDNivEdoz2IvyJJGj6X8DJ0eFyfszE0QiEd+iXmBvUP3WHxSjFH/vIsA0EN00cgr8w=="
    },
    "printj": {
      "version": "1.1.2",
      "resolved": "https://registry.npmjs.org/printj/-/printj-1.1.2.tgz",
      "integrity": "sha512-zA2SmoLaxZyArQTOPj5LXecR+RagfPSU5Kw1qP+jkWeNlrq+eJZyY2oS68SU1Z/7/myXM4lo9716laOFAVStCQ=="
    },
    "shell-escape": {
      "version": "0.2.0",
      "resolved": "https://registry.npmjs.org/shell-escape/-/shell-escape-0.2.0.tgz",
      "integrity": "sha1-aP0CXrBJC09WegJ/C/IkgLX4QTM="
    },
    "ssf": {
      "version": "0.10.2",
      "resolved": "https://registry.npmjs.org/ssf/-/ssf-0.10.2.tgz",
      "integrity": "sha512-rDhAPm9WyIsY8eZEKyE8Qsotb3j/wBdvMWBUsOhJdfhKGLfQidRjiBUV0y/MkyCLiXQ38FG6LWW/VYUtqlIDZQ==",
      "requires": {
        "frac": "~1.1.2"
      }
    },
    "xlsx": {
      "version": "0.12.6",
      "resolved": "https://registry.npmjs.org/xlsx/-/xlsx-0.12.6.tgz",
      "integrity": "sha512-rgxqgIcpqy1cfvjg6teLCyyWivVDu49iozm0PP25i0hyIz4oVpHr/ji1ncHQn5LpxmvSSC+bf1TVT0y4tGcKhg==",
      "requires": {
        "adler-32": "~1.2.0",
        "cfb": "~1.0.5",
        "codepage": "~1.12.1",
        "commander": "~2.14.1",
        "crc-32": "~1.2.0",
        "exit-on-epipe": "~1.0.1",
        "ssf": "~0.10.2"
      }
    }
  }
}
